
Microsoft Visual Studio Solution File, Format Version 12.00
# Visual Studio 15
VisualStudioVersion = 15.0.28307.271
MinimumVisualStudioVersion = 10.0.40219.1
Project("{8BC9CEB8-8B4A-11D0-8D11-00A0C91BC942}") = "Project1", "Project1\Project1.vcxproj", "{02716154-C5E7-458F-AAC3-0EEEC35B8A43}"
EndProject
Global
	GlobalSection(SolutionConfigurationPlatforms) = preSolution
		Debug|x64 = Debug|x64
		Debug|x86 = Debug|x86
		Release|x64 = Release|x64
		Release|x86 = Release|x86
	EndGlobalSection
	GlobalSection(ProjectConfigurationPlatforms) = postSolution
		{02716154-C5E7-458F-AAC3-0EEEC35B8A43}.Debug|x64.ActiveCfg = Debug|x64
		{02716154-C5E7-458F-AAC3-0EEEC35B8A43}.Debug|x64.Build.0 = Debug|x64
		{02716154-C5E7-458F-AAC3-0EEEC35B8A43}.Debug|x86.ActiveCfg = Debug|Win32
		{02716154-C5E7-458F-AAC3-0EEEC35B8A43}.Debug|x86.Build.0 = Debug|Win32
		{02716154-C5E7-458F-AAC3-0EEEC35B8A43}.Release|x64.ActiveCfg = Release|x64
		{02716154-C5E7-458F-AAC3-0EEEC35B8A43}.Release|x64.Build.0 = Release|x64
		{02716154-C5E7-458F-AAC3-0EEEC35B8A43}.Release|x86.ActiveCfg = Release|Win32
		{02716154-C5E7-458F-AAC3-0EEEC35B8A43}.Release|x86.Build.0 = Release|Win32
	EndGlobalSection
	GlobalSection(SolutionProperties) = preSolution
		HideSolutionNode = FALSE
	EndGlobalSection
	GlobalSection(ExtensibilityGlobals) = postSolution
		SolutionGuid = {9DC641E1-9F85-49E4-80F9-89CB294399ED}
	EndGlobalSection
EndGlobal
